// !$*UTF8*$!
{
	archiveVersion = 1;
	classes = {
	};
	objectVersion = 56;
	objects = {

/* Begin PBXBuildFile section */
		CEF5E98C2CA877F10003F635 /* AppDelegate.swift in Sources */ = {isa = PBXBuildFile; fileRef = CEF5E98B2CA877F10003F635 /* AppDelegate.swift */; };
		CEF5E98E2CA877F10003F635 /* SceneDelegate.swift in Sources */ = {isa = PBXBuildFile; fileRef = CEF5E98D2CA877F10003F635 /* SceneDelegate.swift */; };
		CEF5E9902CA877F10003F635 /* ViewController.swift in Sources */ = {isa = PBXBuildFile; fileRef = CEF5E98F2CA877F10003F635 /* ViewController.swift */; };
		CEF5E9932CA877F10003F635 /* Main.storyboard in Resources */ = {isa = PBXBuildFile; fileRef = CEF5E9912CA877F10003F635 /* Main.storyboard */; };
		CEF5E9952CA877F20003F635 /* Assets.xcassets in Resources */ = {isa = PBXBuildFile; fileRef = CEF5E9942CA877F20003F635 /* Assets.xcassets */; };
		CEF5E9982CA877F20003F635 /* LaunchScreen.storyboard in Resources */ = {isa = PBXBuildFile; fileRef = CEF5E9962CA877F20003F635 /* LaunchScreen.storyboard */; };
		CEF5E9A12CA878880003F635 /* AppEmptyState.xib in Resources */ = {isa = PBXBuildFile; fileRef = CEF5E9A02CA878880003F635 /* AppEmptyState.xib */; };
		CEF5E9A72CA878FF0003F635 /* AppLoadingState.xib in Resources */ = {isa = PBXBuildFile; fileRef = CEF5E9A62CA878FF0003F635 /* AppLoadingState.xib */; };
		CEF5E9AA2CA879130003F635 /* AppSuccessState.xib in Resources */ = {isa = PBXBuildFile; fileRef = CEF5E9A92CA879130003F635 /* AppSuccessState.xib */; };
		CEF5E9AC2CA879230003F635 /* AppErrorState.xib in Resources */ = {isa = PBXBuildFile; fileRef = CEF5E9AB2CA879230003F635 /* AppErrorState.xib */; };
		CEF5E9AE2CA879440003F635 /* AppLoadingState.swift in Sources */ = {isa = PBXBuildFile; fileRef = CEF5E9AD2CA879440003F635 /* AppLoadingState.swift */; };
		CEF5E9B02CA879510003F635 /* AppSuccessState.swift in Sources */ = {isa = PBXBuildFile; fileRef = CEF5E9AF2CA879510003F635 /* AppSuccessState.swift */; };
		CEF5E9B22CA8797E0003F635 /* AppErrorState.swift in Sources */ = {isa = PBXBuildFile; fileRef = CEF5E9B12CA8797E0003F635 /* AppErrorState.swift */; };
		CEF5E9B42CA8798C0003F635 /* AppEmptyState.swift in Sources */ = {isa = PBXBuildFile; fileRef = CEF5E9B32CA8798C0003F635 /* AppEmptyState.swift */; };
		CEF5E9B72CA879DA0003F635 /* Container1Controller.swift in Sources */ = {isa = PBXBuildFile; fileRef = CEF5E9B62CA879DA0003F635 /* Container1Controller.swift */; };
/* End PBXBuildFile section */

/* Begin PBXFileReference section */
		CEF5E9882CA877F10003F635 /* APIUIState.app */ = {isa = PBXFileReference; explicitFileType = wrapper.application; includeInIndex = 0; path = APIUIState.app; sourceTree = BUILT_PRODUCTS_DIR; };
		CEF5E98B2CA877F10003F635 /* AppDelegate.swift */ = {isa = PBXFileReference; lastKnownFileType = sourcecode.swift; path = AppDelegate.swift; sourceTree = "<group>"; };
		CEF5E98D2CA877F10003F635 /* SceneDelegate.swift */ = {isa = PBXFileReference; lastKnownFileType = sourcecode.swift; path = SceneDelegate.swift; sourceTree = "<group>"; };
		CEF5E98F2CA877F10003F635 /* ViewController.swift */ = {isa = PBXFileReference; lastKnownFileType = sourcecode.swift; path = ViewController.swift; sourceTree = "<group>"; };
		CEF5E9922CA877F10003F635 /* Base */ = {isa = PBXFileReference; lastKnownFileType = file.storyboard; name = Base; path = Base.lproj/Main.storyboard; sourceTree = "<group>"; };
		CEF5E9942CA877F20003F635 /* Assets.xcassets */ = {isa = PBXFileReference; lastKnownFileType = folder.assetcatalog; path = Assets.xcassets; sourceTree = "<group>"; };
		CEF5E9972CA877F20003F635 /* Base */ = {isa = PBXFileReference; lastKnownFileType = file.storyboard; name = Base; path = Base.lproj/LaunchScreen.storyboard; sourceTree = "<group>"; };
		CEF5E9992CA877F20003F635 /* Info.plist */ = {isa = PBXFileReference; lastKnownFileType = text.plist.xml; path = Info.plist; sourceTree = "<group>"; };
		CEF5E9A02CA878880003F635 /* AppEmptyState.xib */ = {isa = PBXFileReference; lastKnownFileType = file.xib; path = AppEmptyState.xib; sourceTree = "<group>"; };
		CEF5E9A62CA878FF0003F635 /* AppLoadingState.xib */ = {isa = PBXFileReference; lastKnownFileType = file.xib; path = AppLoadingState.xib; sourceTree = "<group>"; };
		CEF5E9A92CA879130003F635 /* AppSuccessState.xib */ = {isa = PBXFileReference; lastKnownFileType = file.xib; path = AppSuccessState.xib; sourceTree = "<group>"; };
		CEF5E9AB2CA879230003F635 /* AppErrorState.xib */ = {isa = PBXFileReference; lastKnownFileType = file.xib; path = AppErrorState.xib; sourceTree = "<group>"; };
		CEF5E9AD2CA879440003F635 /* AppLoadingState.swift */ = {isa = PBXFileReference; lastKnownFileType = sourcecode.swift; path = AppLoadingState.swift; sourceTree = "<group>"; };
		CEF5E9AF2CA879510003F635 /* AppSuccessState.swift */ = {isa = PBXFileReference; lastKnownFileType = sourcecode.swift; path = AppSuccessState.swift; sourceTree = "<group>"; };
		CEF5E9B12CA8797E0003F635 /* AppErrorState.swift */ = {isa = PBXFileReference; lastKnownFileType = sourcecode.swift; path = AppErrorState.swift; sourceTree = "<group>"; };
		CEF5E9B32CA8798C0003F635 /* AppEmptyState.swift */ = {isa = PBXFileReference; lastKnownFileType = sourcecode.swift; path = AppEmptyState.swift; sourceTree = "<group>"; };
		CEF5E9B62CA879DA0003F635 /* Container1Controller.swift */ = {isa = PBXFileReference; lastKnownFileType = sourcecode.swift; path = Container1Controller.swift; sourceTree = "<group>"; };
/* End PBXFileReference section */

/* Begin PBXFrameworksBuildPhase section */
		CEF5E9852CA877F10003F635 /* Frameworks */ = {
			isa = PBXFrameworksBuildPhase;
			buildActionMask = 2147483647;
			files = (
			);
			runOnlyForDeploymentPostprocessing = 0;
		};
/* End PBXFrameworksBuildPhase section */

/* Begin PBXGroup section */
		CEF5E97F2CA877F10003F635 = {
			isa = PBXGroup;
			children = (
				CEF5E98A2CA877F10003F635 /* APIUIState */,
				CEF5E9892CA877F10003F635 /* Products */,
			);
			sourceTree = "<group>";
		};
		CEF5E9892CA877F10003F635 /* Products */ = {
			isa = PBXGroup;
			children = (
				CEF5E9882CA877F10003F635 /* APIUIState.app */,
			);
			name = Products;
			sourceTree = "<group>";
		};
		CEF5E98A2CA877F10003F635 /* APIUIState */ = {
			isa = PBXGroup;
			children = (
				CEF5E9B52CA8799B0003F635 /* Containers */,
				CEF5E99F2CA878640003F635 /* UIState */,
				CEF5E98B2CA877F10003F635 /* AppDelegate.swift */,
				CEF5E98D2CA877F10003F635 /* SceneDelegate.swift */,
				CEF5E98F2CA877F10003F635 /* ViewController.swift */,
				CEF5E9912CA877F10003F635 /* Main.storyboard */,
				CEF5E9942CA877F20003F635 /* Assets.xcassets */,
				CEF5E9962CA877F20003F635 /* LaunchScreen.storyboard */,
				CEF5E9992CA877F20003F635 /* Info.plist */,
			);
			path = APIUIState;
			sourceTree = "<group>";
		};
		CEF5E99F2CA878640003F635 /* UIState */ = {
			isa = PBXGroup;
			children = (
				CEF5E9A52CA878E80003F635 /* LoadingState */,
				CEF5E9A42CA878AF0003F635 /* SuccessState */,
				CEF5E9A32CA878A70003F635 /* ErrorState */,
				CEF5E9A22CA8788C0003F635 /* EmptyState */,
			);
			path = UIState;
			sourceTree = "<group>";
		};
		CEF5E9A22CA8788C0003F635 /* EmptyState */ = {
			isa = PBXGroup;
			children = (
				CEF5E9A02CA878880003F635 /* AppEmptyState.xib */,
				CEF5E9B32CA8798C0003F635 /* AppEmptyState.swift */,
			);
			path = EmptyState;
			sourceTree = "<group>";
		};
		CEF5E9A32CA878A70003F635 /* ErrorState */ = {
			isa = PBXGroup;
			children = (
				CEF5E9AB2CA879230003F635 /* AppErrorState.xib */,
				CEF5E9B12CA8797E0003F635 /* AppErrorState.swift */,
			);
			path = ErrorState;
			sourceTree = "<group>";
		};
		CEF5E9A42CA878AF0003F635 /* SuccessState */ = {
			isa = PBXGroup;
			children = (
				CEF5E9A92CA879130003F635 /* AppSuccessState.xib */,
				CEF5E9AF2CA879510003F635 /* AppSuccessState.swift */,
			);
			path = SuccessState;
			sourceTree = "<group>";
		};
		CEF5E9A52CA878E80003F635 /* LoadingState */ = {
			isa = PBXGroup;
			children = (
				CEF5E9A62CA878FF0003F635 /* AppLoadingState.xib */,
				CEF5E9AD2CA879440003F635 /* AppLoadingState.swift */,
			);
			path = LoadingState;
			sourceTree = "<group>";
		};
		CEF5E9B52CA8799B0003F635 /* Containers */ = {
			isa = PBXGroup;
			children = (
				CEF5E9B62CA879DA0003F635 /* Container1Controller.swift */,
			);
			path = Containers;
			sourceTree = "<group>";
		};
/* End PBXGroup section */

/* Begin PBXNativeTarget section */
		CEF5E9872CA877F10003F635 /* APIUIState */ = {
			isa = PBXNativeTarget;
			buildConfigurationList = CEF5E99C2CA877F20003F635 /* Build configuration list for PBXNativeTarget "APIUIState" */;
			buildPhases = (
				CEF5E9842CA877F10003F635 /* Sources */,
				CEF5E9852CA877F10003F635 /* Frameworks */,
				CEF5E9862CA877F10003F635 /* Resources */,
			);
			buildRules = (
			);
			dependencies = (
			);
			name = APIUIState;
			productName = APIUIState;
			productReference = CEF5E9882CA877F10003F635 /* APIUIState.app */;
			productType = "com.apple.product-type.application";
		};
/* End PBXNativeTarget section */

/* Begin PBXProject section */
		CEF5E9802CA877F10003F635 /* Project object */ = {
			isa = PBXProject;
			attributes = {
				BuildIndependentTargetsInParallel = 1;
				LastSwiftUpdateCheck = 1520;
				LastUpgradeCheck = 1520;
				TargetAttributes = {
					CEF5E9872CA877F10003F635 = {
						CreatedOnToolsVersion = 15.2;
					};
				};
			};
			buildConfigurationList = CEF5E9832CA877F10003F635 /* Build configuration list for PBXProject "APIUIState" */;
			compatibilityVersion = "Xcode 14.0";
			developmentRegion = en;
			hasScannedForEncodings = 0;
			knownRegions = (
				en,
				Base,
			);
			mainGroup = CEF5E97F2CA877F10003F635;
			productRefGroup = CEF5E9892CA877F10003F635 /* Products */;
			projectDirPath = "";
			projectRoot = "";
			targets = (
				CEF5E9872CA877F10003F635 /* APIUIState */,
			);
		};
/* End PBXProject section */

/* Begin PBXResourcesBuildPhase section */
		CEF5E9862CA877F10003F635 /* Resources */ = {
			isa = PBXResourcesBuildPhase;
			buildActionMask = 2147483647;
			files = (
				CEF5E9982CA877F20003F635 /* LaunchScreen.storyboard in Resources */,
				CEF5E9952CA877F20003F635 /* Assets.xcassets in Resources */,
				CEF5E9A72CA878FF0003F635 /* AppLoadingState.xib in Resources */,
				CEF5E9AA2CA879130003F635 /* AppSuccessState.xib in Resources */,
				CEF5E9932CA877F10003F635 /* Main.storyboard in Resources */,
				CEF5E9A12CA878880003F635 /* AppEmptyState.xib in Resources */,
				CEF5E9AC2CA879230003F635 /* AppErrorState.xib in Resources */,
			);
			runOnlyForDeploymentPostprocessing = 0;
		};
/* End PBXResourcesBuildPhase section */

/* Begin PBXSourcesBuildPhase section */
		CEF5E9842CA877F10003F635 /* Sources */ = {
			isa = PBXSourcesBuildPhase;
			buildActionMask = 2147483647;
			files = (
				CEF5E9B22CA8797E0003F635 /* AppErrorState.swift in Sources */,
				CEF5E9AE2CA879440003F635 /* AppLoadingState.swift in Sources */,
				CEF5E9B42CA8798C0003F635 /* AppEmptyState.swift in Sources */,
				CEF5E9902CA877F10003F635 /* ViewController.swift in Sources */,
				CEF5E98C2CA877F10003F635 /* AppDelegate.swift in Sources */,
				CEF5E9B72CA879DA0003F635 /* Container1Controller.swift in Sources */,
				CEF5E98E2CA877F10003F635 /* SceneDelegate.swift in Sources */,
				CEF5E9B02CA879510003F635 /* AppSuccessState.swift in Sources */,
			);
			runOnlyForDeploymentPostprocessing = 0;
		};
/* End PBXSourcesBuildPhase section */

/* Begin PBXVariantGroup section */
		CEF5E9912CA877F10003F635 /* Main.storyboard */ = {
			isa = PBXVariantGroup;
			children = (
				CEF5E9922CA877F10003F635 /* Base */,
			);
			name = Main.storyboard;
			sourceTree = "<group>";
		};
		CEF5E9962CA877F20003F635 /* LaunchScreen.storyboard */ = {
			isa = PBXVariantGroup;
			children = (
				CEF5E9972CA877F20003F635 /* Base */,
			);
			name = LaunchScreen.storyboard;
			sourceTree = "<group>";
		};
/* End PBXVariantGroup section */

/* Begin XCBuildConfiguration section */
		CEF5E99A2CA877F20003F635 /* Debug */ = {
			isa = XCBuildConfiguration;
			buildSettings = {
				ALWAYS_SEARCH_USER_PATHS = NO;
				ASSETCATALOG_COMPILER_GENERATE_SWIFT_ASSET_SYMBOL_EXTENSIONS = YES;
				CLANG_ANALYZER_NONNULL = YES;
				CLANG_ANALYZER_NUMBER_OBJECT_CONVERSION = YES_AGGRESSIVE;
				CLANG_CXX_LANGUAGE_STANDARD = "gnu++20";
				CLANG_ENABLE_MODULES = YES;
				CLANG_ENABLE_OBJC_ARC = YES;
				CLANG_ENABLE_OBJC_WEAK = YES;
				CLANG_WARN_BLOCK_CAPTURE_AUTORELEASING = YES;
				CLANG_WARN_BOOL_CONVERSION = YES;
				CLANG_WARN_COMMA = YES;
				CLANG_WARN_CONSTANT_CONVERSION = YES;
				CLANG_WARN_DEPRECATED_OBJC_IMPLEMENTATIONS = YES;
				CLANG_WARN_DIRECT_OBJC_ISA_USAGE = YES_ERROR;
				CLANG_WARN_DOCUMENTATION_COMMENTS = YES;
				CLANG_WARN_EMPTY_BODY = YES;
				CLANG_WARN_ENUM_CONVERSION = YES;
				CLANG_WARN_INFINITE_RECURSION = YES;
				CLANG_WARN_INT_CONVERSION = YES;
				CLANG_WARN_NON_LITERAL_NULL_CONVERSION = YES;
				CLANG_WARN_OBJC_IMPLICIT_RETAIN_SELF = YES;
				CLANG_WARN_OBJC_LITERAL_CONVERSION = YES;
				CLANG_WARN_OBJC_ROOT_CLASS = YES_ERROR;
				CLANG_WARN_QUOTED_INCLUDE_IN_FRAMEWORK_HEADER = YES;
				CLANG_WARN_RANGE_LOOP_ANALYSIS = YES;
				CLANG_WARN_STRICT_PROTOTYPES = YES;
				CLANG_WARN_SUSPICIOUS_MOVE = YES;
				CLANG_WARN_UNGUARDED_AVAILABILITY = YES_AGGRESSIVE;
				CLANG_WARN_UNREACHABLE_CODE = YES;
				CLANG_WARN__DUPLICATE_METHOD_MATCH = YES;
				COPY_PHASE_STRIP = NO;
				DEBUG_INFORMATION_FORMAT = dwarf;
				ENABLE_STRICT_OBJC_MSGSEND = YES;
				ENABLE_TESTABILITY = YES;
				ENABLE_USER_SCRIPT_SANDBOXING = YES;
				GCC_C_LANGUAGE_STANDARD = gnu17;
				GCC_DYNAMIC_NO_PIC = NO;
				GCC_NO_COMMON_BLOCKS = YES;
				GCC_OPTIMIZATION_LEVEL = 0;
				GCC_PREPROCESSOR_DEFINITIONS = (
					"DEBUG=1",
					"$(inherited)",
				);
				GCC_WARN_64_TO_32_BIT_CONVERSION = YES;
				GCC_WARN_ABOUT_RETURN_TYPE = YES_ERROR;
				GCC_WARN_UNDECLARED_SELECTOR = YES;
				GCC_WARN_UNINITIALIZED_AUTOS = YES_AGGRESSIVE;
				GCC_WARN_UNUSED_FUNCTION = YES;
				GCC_WARN_UNUSED_VARIABLE = YES;
				IPHONEOS_DEPLOYMENT_TARGET = 17.2;
				LOCALIZATION_PREFERS_STRING_CATALOGS = YES;
				MTL_ENABLE_DEBUG_INFO = INCLUDE_SOURCE;
				MTL_FAST_MATH = YES;
				ONLY_ACTIVE_ARCH = YES;
				SDKROOT = iphoneos;
				SWIFT_ACTIVE_COMPILATION_CONDITIONS = "DEBUG $(inherited)";
				SWIFT_OPTIMIZATION_LEVEL = "-Onone";
			};
			name = Debug;
		};
		CEF5E99B2CA877F20003F635 /* Release */ = {
			isa = XCBuildConfiguration;
			buildSettings = {
				ALWAYS_SEARCH_USER_PATHS = NO;
				ASSETCATALOG_COMPILER_GENERATE_SWIFT_ASSET_SYMBOL_EXTENSIONS = YES;
				CLANG_ANALYZER_NONNULL = YES;
				CLANG_ANALYZER_NUMBER_OBJECT_CONVERSION = YES_AGGRESSIVE;
				CLANG_CXX_LANGUAGE_STANDARD = "gnu++20";
				CLANG_ENABLE_MODULES = YES;
				CLANG_ENABLE_OBJC_ARC = YES;
				CLANG_ENABLE_OBJC_WEAK = YES;
				CLANG_WARN_BLOCK_CAPTURE_AUTORELEASING = YES;
				CLANG_WARN_BOOL_CONVERSION = YES;
				CLANG_WARN_COMMA = YES;
				CLANG_WARN_CONSTANT_CONVERSION = YES;
				CLANG_WARN_DEPRECATED_OBJC_IMPLEMENTATIONS = YES;
				CLANG_WARN_DIRECT_OBJC_ISA_USAGE = YES_ERROR;
				CLANG_WARN_DOCUMENTATION_COMMENTS = YES;
				CLANG_WARN_EMPTY_BODY = YES;
				CLANG_WARN_ENUM_CONVERSION = YES;
				CLANG_WARN_INFINITE_RECURSION = YES;
				CLANG_WARN_INT_CONVERSION = YES;
				CLANG_WARN_NON_LITERAL_NULL_CONVERSION = YES;
				CLANG_WARN_OBJC_IMPLICIT_RETAIN_SELF = YES;
				CLANG_WARN_OBJC_LITERAL_CONVERSION = YES;
				CLANG_WARN_OBJC_ROOT_CLASS = YES_ERROR;
				CLANG_WARN_QUOTED_INCLUDE_IN_FRAMEWORK_HEADER = YES;
				CLANG_WARN_RANGE_LOOP_ANALYSIS = YES;
				CLANG_WARN_STRICT_PROTOTYPES = YES;
				CLANG_WARN_SUSPICIOUS_MOVE = YES;
				CLANG_WARN_UNGUARDED_AVAILABILITY = YES_AGGRESSIVE;
				CLANG_WARN_UNREACHABLE_CODE = YES;
				CLANG_WARN__DUPLICATE_METHOD_MATCH = YES;
				COPY_PHASE_STRIP = NO;
				DEBUG_INFORMATION_FORMAT = "dwarf-with-dsym";
				ENABLE_NS_ASSERTIONS = NO;
				ENABLE_STRICT_OBJC_MSGSEND = YES;
				ENABLE_USER_SCRIPT_SANDBOXING = YES;
				GCC_C_LANGUAGE_STANDARD = gnu17;
				GCC_NO_COMMON_BLOCKS = YES;
				GCC_WARN_64_TO_32_BIT_CONVERSION = YES;
				GCC_WARN_ABOUT_RETURN_TYPE = YES_ERROR;
				GCC_WARN_UNDECLARED_SELECTOR = YES;
				GCC_WARN_UNINITIALIZED_AUTOS = YES_AGGRESSIVE;
				GCC_WARN_UNUSED_FUNCTION = YES;
				GCC_WARN_UNUSED_VARIABLE = YES;
				IPHONEOS_DEPLOYMENT_TARGET = 17.2;
				LOCALIZATION_PREFERS_STRING_CATALOGS = YES;
				MTL_ENABLE_DEBUG_INFO = NO;
				MTL_FAST_MATH = YES;
				SDKROOT = iphoneos;
				SWIFT_COMPILATION_MODE = wholemodule;
				VALIDATE_PRODUCT = YES;
			};
			name = Release;
		};
		CEF5E99D2CA877F20003F635 /* Debug */ = {
			isa = XCBuildConfiguration;
			buildSettings = {
				ASSETCATALOG_COMPILER_APPICON_NAME = AppIcon;
				ASSETCATALOG_COMPILER_GLOBAL_ACCENT_COLOR_NAME = AccentColor;
				CODE_SIGN_STYLE = Automatic;
				CURRENT_PROJECT_VERSION = 1;
				DEVELOPMENT_TEAM = N3S6Y5RZP9;
				GENERATE_INFOPLIST_FILE = YES;
				INFOPLIST_FILE = APIUIState/Info.plist;
				INFOPLIST_KEY_UIApplicationSupportsIndirectInputEvents = YES;
				INFOPLIST_KEY_UILaunchStoryboardName = LaunchScreen;
				INFOPLIST_KEY_UIMainStoryboardFile = Main;
				INFOPLIST_KEY_UISupportedInterfaceOrientations_iPad = "UIInterfaceOrientationPortrait UIInterfaceOrientationPortraitUpsideDown UIInterfaceOrientationLandscapeLeft UIInterfaceOrientationLandscapeRight";
				INFOPLIST_KEY_UISupportedInterfaceOrientations_iPhone = "UIInterfaceOrientationPortrait UIInterfaceOrientationLandscapeLeft UIInterfaceOrientationLandscapeRight";
				LD_RUNPATH_SEARCH_PATHS = (
					"$(inherited)",
					"@executable_path/Frameworks",
				);
				MARKETING_VERSION = 1.0;
				PRODUCT_BUNDLE_IDENTIFIER = test.APIUIState;
				PRODUCT_NAME = "$(TARGET_NAME)";
				SWIFT_EMIT_LOC_STRINGS = YES;
				SWIFT_VERSION = 5.0;
				TARGETED_DEVICE_FAMILY = "1,2";
			};
			name = Debug;
		};
		CEF5E99E2CA877F20003F635 /* Release */ = {
			isa = XCBuildConfiguration;
			buildSettings = {
				ASSETCATALOG_COMPILER_APPICON_NAME = AppIcon;
				ASSETCATALOG_COMPILER_GLOBAL_ACCENT_COLOR_NAME = AccentColor;
				CODE_SIGN_STYLE = Automatic;
				CURRENT_PROJECT_VERSION = 1;
				DEVELOPMENT_TEAM = N3S6Y5RZP9;
				GENERATE_INFOPLIST_FILE = YES;
				INFOPLIST_FILE = APIUIState/Info.plist;
				INFOPLIST_KEY_UIApplicationSupportsIndirectInputEvents = YES;
				INFOPLIST_KEY_UILaunchStoryboardName = LaunchScreen;
				INFOPLIST_KEY_UIMainStoryboardFile = Main;
				INFOPLIST_KEY_UISupportedInterfaceOrientations_iPad = "UIInterfaceOrientationPortrait UIInterfaceOrientationPortraitUpsideDown UIInterfaceOrientationLandscapeLeft UIInterfaceOrientationLandscapeRight";
				INFOPLIST_KEY_UISupportedInterfaceOrientations_iPhone = "UIInterfaceOrientationPortrait UIInterfaceOrientationLandscapeLeft UIInterfaceOrientationLandscapeRight";
				LD_RUNPATH_SEARCH_PATHS = (
					"$(inherited)",
					"@executable_path/Frameworks",
				);
				MARKETING_VERSION = 1.0;
				PRODUCT_BUNDLE_IDENTIFIER = test.APIUIState;
				PRODUCT_NAME = "$(TARGET_NAME)";
				SWIFT_EMIT_LOC_STRINGS = YES;
				SWIFT_VERSION = 5.0;
				TARGETED_DEVICE_FAMILY = "1,2";
			};
			name = Release;
		};
/* End XCBuildConfiguration section */

/* Begin XCConfigurationList section */
		CEF5E9832CA877F10003F635 /* Build configuration list for PBXProject "APIUIState" */ = {
			isa = XCConfigurationList;
			buildConfigurations = (
				CEF5E99A2CA877F20003F635 /* Debug */,
				CEF5E99B2CA877F20003F635 /* Release */,
			);
			defaultConfigurationIsVisible = 0;
			defaultConfigurationName = Release;
		};
		CEF5E99C2CA877F20003F635 /* Build configuration list for PBXNativeTarget "APIUIState" */ = {
			isa = XCConfigurationList;
			buildConfigurations = (
				CEF5E99D2CA877F20003F635 /* Debug */,
				CEF5E99E2CA877F20003F635 /* Release */,
			);
			defaultConfigurationIsVisible = 0;
			defaultConfigurationName = Release;
		};
/* End XCConfigurationList section */
	};
	rootObject = CEF5E9802CA877F10003F635 /* Project object */;
}
